{
  "name": "airbnb-manager",
  "lockfileVersion": 3,
  "requires": true,
  "packages": {
    "": {
      "dependencies": {
        "@oraclaw/bandit": "^1.0.0",
        "@oraclaw/cmaes": "^1.0.0"
      }
    },
    "node_modules/@oraclaw/bandit": {
      "version": "1.0.0",
      "resolved": "https://registry.npmjs.org/@oraclaw/bandit/-/bandit-1.0.0.tgz",
      "integrity": "sha512-C9SGJhJ+BIC1OgER0/UKP7LzMA/EGmwvMOBfLKLgetU2sOrPCps0xEvdT5gP2bx7y/Cs1JOpWn3acYQOf5Cxrg==",
      "license": "MIT"
    },
    "node_modules/@oraclaw/cmaes": {
      "version": "1.0.0",
      "resolved": "https://registry.npmjs.org/@oraclaw/cmaes/-/cmaes-1.0.0.tgz",
      "integrity": "sha512-nOH0uc1ElMfBHUidEU4me1FSMHBA5jBSTgZfAhZIdybjSF+APoqtH8rS3nXeiMBwdxvxXDE/1p/XX6/mIMFI/A==",
      "license": "MIT"
    }
  }
}
